// !$*UTF8*$!
{
	archiveVersion = 1;
	classes = {
	};
	objectVersion = 46;
	objects = {

/* Begin PBXAggregateTarget section */
		"WallabagKit::WallabagKitPackageTests::ProductTarget" /* WallabagKitPackageTests */ = {
			isa = PBXAggregateTarget;
			buildConfigurationList = OBJ_83 /* Build configuration list for PBXAggregateTarget "WallabagKitPackageTests" */;
			buildPhases = (
			);
			dependencies = (
				OBJ_86 /* PBXTargetDependency */,
			);
			name = WallabagKitPackageTests;
			productName = WallabagKitPackageTests;
		};
/* End PBXAggregateTarget section */

/* Begin PBXBuildFile section */
		9C203B0822B11E5600F743D4 /* EntriesEndpoint.swift in Sources */ = {isa = PBXBuildFile; fileRef = 9C203B0722B11E5600F743D4 /* EntriesEndpoint.swift */; };
		9C203B0B22B1219300F743D4 /* WallabagEndpoint.swift in Sources */ = {isa = PBXBuildFile; fileRef = 9C203B0A22B1219300F743D4 /* WallabagEndpoint.swift */; };
		9C203B0D22B121BE00F743D4 /* VersionEndpoint.swift in Sources */ = {isa = PBXBuildFile; fileRef = 9C203B0C22B121BE00F743D4 /* VersionEndpoint.swift */; };
		OBJ_43 /* AFError.swift in Sources */ = {isa = PBXBuildFile; fileRef = OBJ_17 /* AFError.swift */; };
		OBJ_44 /* Alamofire.swift in Sources */ = {isa = PBXBuildFile; fileRef = OBJ_18 /* Alamofire.swift */; };
		OBJ_45 /* DispatchQueue+Alamofire.swift in Sources */ = {isa = PBXBuildFile; fileRef = OBJ_19 /* DispatchQueue+Alamofire.swift */; };
		OBJ_46 /* MultipartFormData.swift in Sources */ = {isa = PBXBuildFile; fileRef = OBJ_20 /* MultipartFormData.swift */; };
		OBJ_47 /* NetworkReachabilityManager.swift in Sources */ = {isa = PBXBuildFile; fileRef = OBJ_21 /* NetworkReachabilityManager.swift */; };
		OBJ_48 /* Notifications.swift in Sources */ = {isa = PBXBuildFile; fileRef = OBJ_22 /* Notifications.swift */; };
		OBJ_49 /* ParameterEncoding.swift in Sources */ = {isa = PBXBuildFile; fileRef = OBJ_23 /* ParameterEncoding.swift */; };
		OBJ_50 /* Request.swift in Sources */ = {isa = PBXBuildFile; fileRef = OBJ_24 /* Request.swift */; };
		OBJ_51 /* Response.swift in Sources */ = {isa = PBXBuildFile; fileRef = OBJ_25 /* Response.swift */; };
		OBJ_52 /* ResponseSerialization.swift in Sources */ = {isa = PBXBuildFile; fileRef = OBJ_26 /* ResponseSerialization.swift */; };
		OBJ_53 /* Result.swift in Sources */ = {isa = PBXBuildFile; fileRef = OBJ_27 /* Result.swift */; };
		OBJ_54 /* ServerTrustPolicy.swift in Sources */ = {isa = PBXBuildFile; fileRef = OBJ_28 /* ServerTrustPolicy.swift */; };
		OBJ_55 /* SessionDelegate.swift in Sources */ = {isa = PBXBuildFile; fileRef = OBJ_29 /* SessionDelegate.swift */; };
		OBJ_56 /* SessionManager.swift in Sources */ = {isa = PBXBuildFile; fileRef = OBJ_30 /* SessionManager.swift */; };
		OBJ_57 /* TaskDelegate.swift in Sources */ = {isa = PBXBuildFile; fileRef = OBJ_31 /* TaskDelegate.swift */; };
		OBJ_58 /* Timeline.swift in Sources */ = {isa = PBXBuildFile; fileRef = OBJ_32 /* Timeline.swift */; };
		OBJ_59 /* Validation.swift in Sources */ = {isa = PBXBuildFile; fileRef = OBJ_33 /* Validation.swift */; };
		OBJ_66 /* Package.swift in Sources */ = {isa = PBXBuildFile; fileRef = OBJ_16 /* Package.swift */; };
		OBJ_72 /* WallabagKit.swift in Sources */ = {isa = PBXBuildFile; fileRef = OBJ_8 /* WallabagKit.swift */; };
		OBJ_74 /* Alamofire.framework in Frameworks */ = {isa = PBXBuildFile; fileRef = "Alamofire::Alamofire::Product" /* Alamofire.framework */; };
		OBJ_81 /* Package.swift in Sources */ = {isa = PBXBuildFile; fileRef = OBJ_6 /* Package.swift */; };
		OBJ_92 /* WallabagKitTests.swift in Sources */ = {isa = PBXBuildFile; fileRef = OBJ_11 /* WallabagKitTests.swift */; };
		OBJ_94 /* WallabagKit.framework in Frameworks */ = {isa = PBXBuildFile; fileRef = "WallabagKit::WallabagKit::Product" /* WallabagKit.framework */; };
		OBJ_95 /* Alamofire.framework in Frameworks */ = {isa = PBXBuildFile; fileRef = "Alamofire::Alamofire::Product" /* Alamofire.framework */; };
/* End PBXBuildFile section */

/* Begin PBXContainerItemProxy section */
		9C203B0322B11CDB00F743D4 /* PBXContainerItemProxy */ = {
			isa = PBXContainerItemProxy;
			containerPortal = OBJ_1 /* Project object */;
			proxyType = 1;
			remoteGlobalIDString = "Alamofire::Alamofire";
			remoteInfo = Alamofire;
		};
		9C203B0422B11CDB00F743D4 /* PBXContainerItemProxy */ = {
			isa = PBXContainerItemProxy;
			containerPortal = OBJ_1 /* Project object */;
			proxyType = 1;
			remoteGlobalIDString = "WallabagKit::WallabagKit";
			remoteInfo = WallabagKit;
		};
		9C203B0522B11CDB00F743D4 /* PBXContainerItemProxy */ = {
			isa = PBXContainerItemProxy;
			containerPortal = OBJ_1 /* Project object */;
			proxyType = 1;
			remoteGlobalIDString = "Alamofire::Alamofire";
			remoteInfo = Alamofire;
		};
		9C203B0622B11CE000F743D4 /* PBXContainerItemProxy */ = {
			isa = PBXContainerItemProxy;
			containerPortal = OBJ_1 /* Project object */;
			proxyType = 1;
			remoteGlobalIDString = "WallabagKit::WallabagKitTests";
			remoteInfo = WallabagKitTests;
		};
/* End PBXContainerItemProxy section */

/* Begin PBXFileReference section */
		9C203B0722B11E5600F743D4 /* EntriesEndpoint.swift */ = {isa = PBXFileReference; lastKnownFileType = sourcecode.swift; path = EntriesEndpoint.swift; sourceTree = "<group>"; };
		9C203B0A22B1219300F743D4 /* WallabagEndpoint.swift */ = {isa = PBXFileReference; lastKnownFileType = sourcecode.swift; path = WallabagEndpoint.swift; sourceTree = "<group>"; };
		9C203B0C22B121BE00F743D4 /* VersionEndpoint.swift */ = {isa = PBXFileReference; lastKnownFileType = sourcecode.swift; path = VersionEndpoint.swift; sourceTree = "<group>"; };
		"Alamofire::Alamofire::Product" /* Alamofire.framework */ = {isa = PBXFileReference; lastKnownFileType = wrapper.framework; path = Alamofire.framework; sourceTree = BUILT_PRODUCTS_DIR; };
		OBJ_11 /* WallabagKitTests.swift */ = {isa = PBXFileReference; lastKnownFileType = sourcecode.swift; path = WallabagKitTests.swift; sourceTree = "<group>"; };
		OBJ_12 /* Example */ = {isa = PBXFileReference; lastKnownFileType = folder; path = Example; sourceTree = SOURCE_ROOT; };
		OBJ_13 /* Configs */ = {isa = PBXFileReference; lastKnownFileType = folder; path = Configs; sourceTree = SOURCE_ROOT; };
		OBJ_16 /* Package.swift */ = {isa = PBXFileReference; explicitFileType = sourcecode.swift; name = Package.swift; path = "/Volumes/project/WallabagKit/.build/checkouts/Alamofire.git--6760371882628514517/Package.swift"; sourceTree = "<group>"; };
		OBJ_17 /* AFError.swift */ = {isa = PBXFileReference; lastKnownFileType = sourcecode.swift; path = AFError.swift; sourceTree = "<group>"; };
		OBJ_18 /* Alamofire.swift */ = {isa = PBXFileReference; lastKnownFileType = sourcecode.swift; path = Alamofire.swift; sourceTree = "<group>"; };
		OBJ_19 /* DispatchQueue+Alamofire.swift */ = {isa = PBXFileReference; lastKnownFileType = sourcecode.swift; path = "DispatchQueue+Alamofire.swift"; sourceTree = "<group>"; };
		OBJ_20 /* MultipartFormData.swift */ = {isa = PBXFileReference; lastKnownFileType = sourcecode.swift; path = MultipartFormData.swift; sourceTree = "<group>"; };
		OBJ_21 /* NetworkReachabilityManager.swift */ = {isa = PBXFileReference; lastKnownFileType = sourcecode.swift; path = NetworkReachabilityManager.swift; sourceTree = "<group>"; };
		OBJ_22 /* Notifications.swift */ = {isa = PBXFileReference; lastKnownFileType = sourcecode.swift; path = Notifications.swift; sourceTree = "<group>"; };
		OBJ_23 /* ParameterEncoding.swift */ = {isa = PBXFileReference; lastKnownFileType = sourcecode.swift; path = ParameterEncoding.swift; sourceTree = "<group>"; };
		OBJ_24 /* Request.swift */ = {isa = PBXFileReference; lastKnownFileType = sourcecode.swift; path = Request.swift; sourceTree = "<group>"; };
		OBJ_25 /* Response.swift */ = {isa = PBXFileReference; lastKnownFileType = sourcecode.swift; path = Response.swift; sourceTree = "<group>"; };
		OBJ_26 /* ResponseSerialization.swift */ = {isa = PBXFileReference; lastKnownFileType = sourcecode.swift; path = ResponseSerialization.swift; sourceTree = "<group>"; };
		OBJ_27 /* Result.swift */ = {isa = PBXFileReference; lastKnownFileType = sourcecode.swift; path = Result.swift; sourceTree = "<group>"; };
		OBJ_28 /* ServerTrustPolicy.swift */ = {isa = PBXFileReference; lastKnownFileType = sourcecode.swift; path = ServerTrustPolicy.swift; sourceTree = "<group>"; };
		OBJ_29 /* SessionDelegate.swift */ = {isa = PBXFileReference; lastKnownFileType = sourcecode.swift; path = SessionDelegate.swift; sourceTree = "<group>"; };
		OBJ_30 /* SessionManager.swift */ = {isa = PBXFileReference; lastKnownFileType = sourcecode.swift; path = SessionManager.swift; sourceTree = "<group>"; };
		OBJ_31 /* TaskDelegate.swift */ = {isa = PBXFileReference; lastKnownFileType = sourcecode.swift; path = TaskDelegate.swift; sourceTree = "<group>"; };
		OBJ_32 /* Timeline.swift */ = {isa = PBXFileReference; lastKnownFileType = sourcecode.swift; path = Timeline.swift; sourceTree = "<group>"; };
		OBJ_33 /* Validation.swift */ = {isa = PBXFileReference; lastKnownFileType = sourcecode.swift; path = Validation.swift; sourceTree = "<group>"; };
		OBJ_6 /* Package.swift */ = {isa = PBXFileReference; explicitFileType = sourcecode.swift; path = Package.swift; sourceTree = "<group>"; };
		OBJ_8 /* WallabagKit.swift */ = {isa = PBXFileReference; lastKnownFileType = sourcecode.swift; path = WallabagKit.swift; sourceTree = "<group>"; };
		"WallabagKit::WallabagKit::Product" /* WallabagKit.framework */ = {isa = PBXFileReference; lastKnownFileType = wrapper.framework; path = WallabagKit.framework; sourceTree = BUILT_PRODUCTS_DIR; };
		"WallabagKit::WallabagKitTests::Product" /* WallabagKitTests.xctest */ = {isa = PBXFileReference; lastKnownFileType = file; path = WallabagKitTests.xctest; sourceTree = BUILT_PRODUCTS_DIR; };
/* End PBXFileReference section */

/* Begin PBXFrameworksBuildPhase section */
		OBJ_60 /* Frameworks */ = {
			isa = PBXFrameworksBuildPhase;
			buildActionMask = 0;
			files = (
			);
			runOnlyForDeploymentPostprocessing = 0;
		};
		OBJ_73 /* Frameworks */ = {
			isa = PBXFrameworksBuildPhase;
			buildActionMask = 0;
			files = (
				OBJ_74 /* Alamofire.framework in Frameworks */,
			);
			runOnlyForDeploymentPostprocessing = 0;
		};
		OBJ_93 /* Frameworks */ = {
			isa = PBXFrameworksBuildPhase;
			buildActionMask = 0;
			files = (
				OBJ_94 /* WallabagKit.framework in Frameworks */,
				OBJ_95 /* Alamofire.framework in Frameworks */,
			);
			runOnlyForDeploymentPostprocessing = 0;
		};
/* End PBXFrameworksBuildPhase section */

/* Begin PBXGroup section */
		9C203B0922B1217600F743D4 /* Endpoint */ = {
			isa = PBXGroup;
			children = (
				9C203B0A22B1219300F743D4 /* WallabagEndpoint.swift */,
				9C203B0C22B121BE00F743D4 /* VersionEndpoint.swift */,
				9C203B0722B11E5600F743D4 /* EntriesEndpoint.swift */,
			);
			path = Endpoint;
			sourceTree = "<group>";
		};
		OBJ_10 /* WallabagKitTests */ = {
			isa = PBXGroup;
			children = (
				OBJ_11 /* WallabagKitTests.swift */,
			);
			name = WallabagKitTests;
			path = Tests/WallabagKitTests;
			sourceTree = SOURCE_ROOT;
		};
		OBJ_14 /* Dependencies */ = {
			isa = PBXGroup;
			children = (
				OBJ_15 /* Alamofire 4.8.2 */,
			);
			name = Dependencies;
			sourceTree = "<group>";
		};
		OBJ_15 /* Alamofire 4.8.2 */ = {
			isa = PBXGroup;
			children = (
				OBJ_16 /* Package.swift */,
				OBJ_17 /* AFError.swift */,
				OBJ_18 /* Alamofire.swift */,
				OBJ_19 /* DispatchQueue+Alamofire.swift */,
				OBJ_20 /* MultipartFormData.swift */,
				OBJ_21 /* NetworkReachabilityManager.swift */,
				OBJ_22 /* Notifications.swift */,
				OBJ_23 /* ParameterEncoding.swift */,
				OBJ_24 /* Request.swift */,
				OBJ_25 /* Response.swift */,
				OBJ_26 /* ResponseSerialization.swift */,
				OBJ_27 /* Result.swift */,
				OBJ_28 /* ServerTrustPolicy.swift */,
				OBJ_29 /* SessionDelegate.swift */,
				OBJ_30 /* SessionManager.swift */,
				OBJ_31 /* TaskDelegate.swift */,
				OBJ_32 /* Timeline.swift */,
				OBJ_33 /* Validation.swift */,
			);
			name = "Alamofire 4.8.2";
			path = ".build/checkouts/Alamofire.git--6760371882628514517/Source";
			sourceTree = SOURCE_ROOT;
		};
		OBJ_34 /* Products */ = {
			isa = PBXGroup;
			children = (
				"WallabagKit::WallabagKit::Product" /* WallabagKit.framework */,
				"WallabagKit::WallabagKitTests::Product" /* WallabagKitTests.xctest */,
				"Alamofire::Alamofire::Product" /* Alamofire.framework */,
			);
			name = Products;
			sourceTree = BUILT_PRODUCTS_DIR;
		};
		OBJ_5 /*  */ = {
			isa = PBXGroup;
			children = (
				OBJ_6 /* Package.swift */,
				OBJ_7 /* Sources */,
				OBJ_9 /* Tests */,
				OBJ_12 /* Example */,
				OBJ_13 /* Configs */,
				OBJ_14 /* Dependencies */,
				OBJ_34 /* Products */,
			);
			name = "";
			sourceTree = "<group>";
		};
		OBJ_7 /* Sources */ = {
			isa = PBXGroup;
			children = (
				9C203B0922B1217600F743D4 /* Endpoint */,
				OBJ_8 /* WallabagKit.swift */,
			);
			path = Sources;
			sourceTree = SOURCE_ROOT;
		};
		OBJ_9 /* Tests */ = {
			isa = PBXGroup;
			children = (
				OBJ_10 /* WallabagKitTests */,
			);
			name = Tests;
			sourceTree = SOURCE_ROOT;
		};
/* End PBXGroup section */

/* Begin PBXNativeTarget section */
		"Alamofire::Alamofire" /* Alamofire */ = {
			isa = PBXNativeTarget;
			buildConfigurationList = OBJ_39 /* Build configuration list for PBXNativeTarget "Alamofire" */;
			buildPhases = (
				OBJ_42 /* Sources */,
				OBJ_60 /* Frameworks */,
			);
			buildRules = (
			);
			dependencies = (
			);
			name = Alamofire;
			productName = Alamofire;
			productReference = "Alamofire::Alamofire::Product" /* Alamofire.framework */;
			productType = "com.apple.product-type.framework";
		};
		"Alamofire::SwiftPMPackageDescription" /* AlamofirePackageDescription */ = {
			isa = PBXNativeTarget;
			buildConfigurationList = OBJ_62 /* Build configuration list for PBXNativeTarget "AlamofirePackageDescription" */;
			buildPhases = (
				OBJ_65 /* Sources */,
			);
			buildRules = (
			);
			dependencies = (
			);
			name = AlamofirePackageDescription;
			productName = AlamofirePackageDescription;
			productType = "com.apple.product-type.framework";
		};
		"WallabagKit::SwiftPMPackageDescription" /* WallabagKitPackageDescription */ = {
			isa = PBXNativeTarget;
			buildConfigurationList = OBJ_77 /* Build configuration list for PBXNativeTarget "WallabagKitPackageDescription" */;
			buildPhases = (
				OBJ_80 /* Sources */,
			);
			buildRules = (
			);
			dependencies = (
			);
			name = WallabagKitPackageDescription;
			productName = WallabagKitPackageDescription;
			productType = "com.apple.product-type.framework";
		};
		"WallabagKit::WallabagKit" /* WallabagKit */ = {
			isa = PBXNativeTarget;
			buildConfigurationList = OBJ_68 /* Build configuration list for PBXNativeTarget "WallabagKit" */;
			buildPhases = (
				OBJ_71 /* Sources */,
				OBJ_73 /* Frameworks */,
			);
			buildRules = (
			);
			dependencies = (
				OBJ_75 /* PBXTargetDependency */,
			);
			name = WallabagKit;
			productName = WallabagKit;
			productReference = "WallabagKit::WallabagKit::Product" /* WallabagKit.framework */;
			productType = "com.apple.product-type.framework";
		};
		"WallabagKit::WallabagKitTests" /* WallabagKitTests */ = {
			isa = PBXNativeTarget;
			buildConfigurationList = OBJ_88 /* Build configuration list for PBXNativeTarget "WallabagKitTests" */;
			buildPhases = (
				OBJ_91 /* Sources */,
				OBJ_93 /* Frameworks */,
			);
			buildRules = (
			);
			dependencies = (
				OBJ_96 /* PBXTargetDependency */,
				OBJ_97 /* PBXTargetDependency */,
			);
			name = WallabagKitTests;
			productName = WallabagKitTests;
			productReference = "WallabagKit::WallabagKitTests::Product" /* WallabagKitTests.xctest */;
			productType = "com.apple.product-type.bundle.unit-test";
		};
/* End PBXNativeTarget section */

/* Begin PBXProject section */
		OBJ_1 /* Project object */ = {
			isa = PBXProject;
			attributes = {
				LastUpgradeCheck = 9999;
			};
			buildConfigurationList = OBJ_2 /* Build configuration list for PBXProject "WallabagKit" */;
			compatibilityVersion = "Xcode 3.2";
			developmentRegion = English;
			hasScannedForEncodings = 0;
			knownRegions = (
				English,
				en,
			);
			mainGroup = OBJ_5 /*  */;
			productRefGroup = OBJ_34 /* Products */;
			projectDirPath = "";
			projectRoot = "";
			targets = (
				"Alamofire::Alamofire" /* Alamofire */,
				"Alamofire::SwiftPMPackageDescription" /* AlamofirePackageDescription */,
				"WallabagKit::WallabagKit" /* WallabagKit */,
				"WallabagKit::SwiftPMPackageDescription" /* WallabagKitPackageDescription */,
				"WallabagKit::WallabagKitPackageTests::ProductTarget" /* WallabagKitPackageTests */,
				"WallabagKit::WallabagKitTests" /* WallabagKitTests */,
			);
		};
/* End PBXProject section */

/* Begin PBXSourcesBuildPhase section */
		OBJ_42 /* Sources */ = {
			isa = PBXSourcesBuildPhase;
			buildActionMask = 0;
			files = (
				OBJ_43 /* AFError.swift in Sources */,
				OBJ_44 /* Alamofire.swift in Sources */,
				OBJ_45 /* DispatchQueue+Alamofire.swift in Sources */,
				OBJ_46 /* MultipartFormData.swift in Sources */,
				OBJ_47 /* NetworkReachabilityManager.swift in Sources */,
				OBJ_48 /* Notifications.swift in Sources */,
				OBJ_49 /* ParameterEncoding.swift in Sources */,
				OBJ_50 /* Request.swift in Sources */,
				OBJ_51 /* Response.swift in Sources */,
				OBJ_52 /* ResponseSerialization.swift in Sources */,
				OBJ_53 /* Result.swift in Sources */,
				OBJ_54 /* ServerTrustPolicy.swift in Sources */,
				OBJ_55 /* SessionDelegate.swift in Sources */,
				OBJ_56 /* SessionManager.swift in Sources */,
				OBJ_57 /* TaskDelegate.swift in Sources */,
				OBJ_58 /* Timeline.swift in Sources */,
				OBJ_59 /* Validation.swift in Sources */,
			);
			runOnlyForDeploymentPostprocessing = 0;
		};
		OBJ_65 /* Sources */ = {
			isa = PBXSourcesBuildPhase;
			buildActionMask = 0;
			files = (
				OBJ_66 /* Package.swift in Sources */,
			);
			runOnlyForDeploymentPostprocessing = 0;
		};
		OBJ_71 /* Sources */ = {
			isa = PBXSourcesBuildPhase;
			buildActionMask = 0;
			files = (
				OBJ_72 /* WallabagKit.swift in Sources */,
				9C203B0822B11E5600F743D4 /* EntriesEndpoint.swift in Sources */,
				9C203B0B22B1219300F743D4 /* WallabagEndpoint.swift in Sources */,
				9C203B0D22B121BE00F743D4 /* VersionEndpoint.swift in Sources */,
			);
			runOnlyForDeploymentPostprocessing = 0;
		};
		OBJ_80 /* Sources */ = {
			isa = PBXSourcesBuildPhase;
			buildActionMask = 0;
			files = (
				OBJ_81 /* Package.swift in Sources */,
			);
			runOnlyForDeploymentPostprocessing = 0;
		};
		OBJ_91 /* Sources */ = {
			isa = PBXSourcesBuildPhase;
			buildActionMask = 0;
			files = (
				OBJ_92 /* WallabagKitTests.swift in Sources */,
			);
			runOnlyForDeploymentPostprocessing = 0;
		};
/* End PBXSourcesBuildPhase section */

/* Begin PBXTargetDependency section */
		OBJ_75 /* PBXTargetDependency */ = {
			isa = PBXTargetDependency;
			target = "Alamofire::Alamofire" /* Alamofire */;
			targetProxy = 9C203B0322B11CDB00F743D4 /* PBXContainerItemProxy */;
		};
		OBJ_86 /* PBXTargetDependency */ = {
			isa = PBXTargetDependency;
			target = "WallabagKit::WallabagKitTests" /* WallabagKitTests */;
			targetProxy = 9C203B0622B11CE000F743D4 /* PBXContainerItemProxy */;
		};
		OBJ_96 /* PBXTargetDependency */ = {
			isa = PBXTargetDependency;
			target = "WallabagKit::WallabagKit" /* WallabagKit */;
			targetProxy = 9C203B0422B11CDB00F743D4 /* PBXContainerItemProxy */;
		};
		OBJ_97 /* PBXTargetDependency */ = {
			isa = PBXTargetDependency;
			target = "Alamofire::Alamofire" /* Alamofire */;
			targetProxy = 9C203B0522B11CDB00F743D4 /* PBXContainerItemProxy */;
		};
/* End PBXTargetDependency section */

/* Begin XCBuildConfiguration section */
		OBJ_3 /* Debug */ = {
			isa = XCBuildConfiguration;
			buildSettings = {
				CLANG_ENABLE_OBJC_ARC = YES;
				COMBINE_HIDPI_IMAGES = YES;
				COPY_PHASE_STRIP = NO;
				DEBUG_INFORMATION_FORMAT = dwarf;
				DYLIB_INSTALL_NAME_BASE = "@rpath";
				ENABLE_NS_ASSERTIONS = YES;
				GCC_OPTIMIZATION_LEVEL = 0;
				GCC_PREPROCESSOR_DEFINITIONS = (
					"DEBUG=1",
					"$(inherited)",
				);
				MACOSX_DEPLOYMENT_TARGET = 10.10;
				ONLY_ACTIVE_ARCH = YES;
				OTHER_SWIFT_FLAGS = "-DXcode";
				PRODUCT_NAME = "$(TARGET_NAME)";
				SDKROOT = macosx;
				SUPPORTED_PLATFORMS = "macosx iphoneos iphonesimulator appletvos appletvsimulator watchos watchsimulator";
				SWIFT_ACTIVE_COMPILATION_CONDITIONS = "SWIFT_PACKAGE DEBUG";
				SWIFT_OPTIMIZATION_LEVEL = "-Onone";
				USE_HEADERMAP = NO;
			};
			name = Debug;
		};
		OBJ_4 /* Release */ = {
			isa = XCBuildConfiguration;
			buildSettings = {
				CLANG_ENABLE_OBJC_ARC = YES;
				COMBINE_HIDPI_IMAGES = YES;
				COPY_PHASE_STRIP = YES;
				DEBUG_INFORMATION_FORMAT = "dwarf-with-dsym";
				DYLIB_INSTALL_NAME_BASE = "@rpath";
				GCC_OPTIMIZATION_LEVEL = s;
				MACOSX_DEPLOYMENT_TARGET = 10.10;
				OTHER_SWIFT_FLAGS = "-DXcode";
				PRODUCT_NAME = "$(TARGET_NAME)";
				SDKROOT = macosx;
				SUPPORTED_PLATFORMS = "macosx iphoneos iphonesimulator appletvos appletvsimulator watchos watchsimulator";
				SWIFT_ACTIVE_COMPILATION_CONDITIONS = SWIFT_PACKAGE;
				SWIFT_OPTIMIZATION_LEVEL = "-Owholemodule";
				USE_HEADERMAP = NO;
			};
			name = Release;
		};
		OBJ_40 /* Debug */ = {
			isa = XCBuildConfiguration;
			buildSettings = {
				ENABLE_TESTABILITY = YES;
				FRAMEWORK_SEARCH_PATHS = (
					"$(inherited)",
					"$(PLATFORM_DIR)/Developer/Library/Frameworks",
				);
				HEADER_SEARCH_PATHS = "$(inherited)";
				INFOPLIST_FILE = WallabagKit.xcodeproj/Alamofire_Info.plist;
				LD_RUNPATH_SEARCH_PATHS = "$(inherited) $(TOOLCHAIN_DIR)/usr/lib/swift/macosx";
				OTHER_CFLAGS = "$(inherited)";
				OTHER_LDFLAGS = "$(inherited)";
				OTHER_SWIFT_FLAGS = "$(inherited)";
				PRODUCT_BUNDLE_IDENTIFIER = Alamofire;
				PRODUCT_MODULE_NAME = "$(TARGET_NAME:c99extidentifier)";
				PRODUCT_NAME = "$(TARGET_NAME:c99extidentifier)";
				SKIP_INSTALL = YES;
				SWIFT_ACTIVE_COMPILATION_CONDITIONS = "$(inherited)";
				SWIFT_VERSION = 4.0;
				TARGET_NAME = Alamofire;
			};
			name = Debug;
		};
		OBJ_41 /* Release */ = {
			isa = XCBuildConfiguration;
			buildSettings = {
				ENABLE_TESTABILITY = YES;
				FRAMEWORK_SEARCH_PATHS = (
					"$(inherited)",
					"$(PLATFORM_DIR)/Developer/Library/Frameworks",
				);
				HEADER_SEARCH_PATHS = "$(inherited)";
				INFOPLIST_FILE = WallabagKit.xcodeproj/Alamofire_Info.plist;
				LD_RUNPATH_SEARCH_PATHS = "$(inherited) $(TOOLCHAIN_DIR)/usr/lib/swift/macosx";
				OTHER_CFLAGS = "$(inherited)";
				OTHER_LDFLAGS = "$(inherited)";
				OTHER_SWIFT_FLAGS = "$(inherited)";
				PRODUCT_BUNDLE_IDENTIFIER = Alamofire;
				PRODUCT_MODULE_NAME = "$(TARGET_NAME:c99extidentifier)";
				PRODUCT_NAME = "$(TARGET_NAME:c99extidentifier)";
				SKIP_INSTALL = YES;
				SWIFT_ACTIVE_COMPILATION_CONDITIONS = "$(inherited)";
				SWIFT_VERSION = 4.0;
				TARGET_NAME = Alamofire;
			};
			name = Release;
		};
		OBJ_63 /* Debug */ = {
			isa = XCBuildConfiguration;
			buildSettings = {
				LD = /usr/bin/true;
				OTHER_SWIFT_FLAGS = "-swift-version 4 -I $(TOOLCHAIN_DIR)/usr/lib/swift/pm/4 -target x86_64-apple-macosx10.10 -sdk /Applications/Xcode.app/Contents/Developer/Platforms/MacOSX.platform/Developer/SDKs/MacOSX10.14.sdk";
				SWIFT_VERSION = 4.0;
			};
			name = Debug;
		};
		OBJ_64 /* Release */ = {
			isa = XCBuildConfiguration;
			buildSettings = {
				LD = /usr/bin/true;
				OTHER_SWIFT_FLAGS = "-swift-version 4 -I $(TOOLCHAIN_DIR)/usr/lib/swift/pm/4 -target x86_64-apple-macosx10.10 -sdk /Applications/Xcode.app/Contents/Developer/Platforms/MacOSX.platform/Developer/SDKs/MacOSX10.14.sdk";
				SWIFT_VERSION = 4.0;
			};
			name = Release;
		};
		OBJ_69 /* Debug */ = {
			isa = XCBuildConfiguration;
			buildSettings = {
				ENABLE_TESTABILITY = YES;
				FRAMEWORK_SEARCH_PATHS = (
					"$(inherited)",
					"$(PLATFORM_DIR)/Developer/Library/Frameworks",
				);
				HEADER_SEARCH_PATHS = "$(inherited)";
				INFOPLIST_FILE = WallabagKit.xcodeproj/WallabagKit_Info.plist;
				LD_RUNPATH_SEARCH_PATHS = "$(inherited) $(TOOLCHAIN_DIR)/usr/lib/swift/macosx";
				OTHER_CFLAGS = "$(inherited)";
				OTHER_LDFLAGS = "$(inherited)";
				OTHER_SWIFT_FLAGS = "$(inherited)";
				PRODUCT_BUNDLE_IDENTIFIER = WallabagKit;
				PRODUCT_MODULE_NAME = "$(TARGET_NAME:c99extidentifier)";
				PRODUCT_NAME = "$(TARGET_NAME:c99extidentifier)";
				SKIP_INSTALL = YES;
				SWIFT_ACTIVE_COMPILATION_CONDITIONS = "$(inherited)";
				SWIFT_VERSION = 4.0;
				TARGET_NAME = WallabagKit;
			};
			name = Debug;
		};
		OBJ_70 /* Release */ = {
			isa = XCBuildConfiguration;
			buildSettings = {
				ENABLE_TESTABILITY = YES;
				FRAMEWORK_SEARCH_PATHS = (
					"$(inherited)",
					"$(PLATFORM_DIR)/Developer/Library/Frameworks",
				);
				HEADER_SEARCH_PATHS = "$(inherited)";
				INFOPLIST_FILE = WallabagKit.xcodeproj/WallabagKit_Info.plist;
				LD_RUNPATH_SEARCH_PATHS = "$(inherited) $(TOOLCHAIN_DIR)/usr/lib/swift/macosx";
				OTHER_CFLAGS = "$(inherited)";
				OTHER_LDFLAGS = "$(inherited)";
				OTHER_SWIFT_FLAGS = "$(inherited)";
				PRODUCT_BUNDLE_IDENTIFIER = WallabagKit;
				PRODUCT_MODULE_NAME = "$(TARGET_NAME:c99extidentifier)";
				PRODUCT_NAME = "$(TARGET_NAME:c99extidentifier)";
				SKIP_INSTALL = YES;
				SWIFT_ACTIVE_COMPILATION_CONDITIONS = "$(inherited)";
				SWIFT_VERSION = 4.0;
				TARGET_NAME = WallabagKit;
			};
			name = Release;
		};
		OBJ_78 /* Debug */ = {
			isa = XCBuildConfiguration;
			buildSettings = {
				LD = /usr/bin/true;
				OTHER_SWIFT_FLAGS = "-swift-version 4 -I $(TOOLCHAIN_DIR)/usr/lib/swift/pm/4 -target x86_64-apple-macosx10.10 -sdk /Applications/Xcode.app/Contents/Developer/Platforms/MacOSX.platform/Developer/SDKs/MacOSX10.14.sdk";
				SWIFT_VERSION = 4.0;
			};
			name = Debug;
		};
		OBJ_79 /* Release */ = {
			isa = XCBuildConfiguration;
			buildSettings = {
				LD = /usr/bin/true;
				OTHER_SWIFT_FLAGS = "-swift-version 4 -I $(TOOLCHAIN_DIR)/usr/lib/swift/pm/4 -target x86_64-apple-macosx10.10 -sdk /Applications/Xcode.app/Contents/Developer/Platforms/MacOSX.platform/Developer/SDKs/MacOSX10.14.sdk";
				SWIFT_VERSION = 4.0;
			};
			name = Release;
		};
		OBJ_84 /* Debug */ = {
			isa = XCBuildConfiguration;
			buildSettings = {
			};
			name = Debug;
		};
		OBJ_85 /* Release */ = {
			isa = XCBuildConfiguration;
			buildSettings = {
			};
			name = Release;
		};
		OBJ_89 /* Debug */ = {
			isa = XCBuildConfiguration;
			buildSettings = {
				CLANG_ENABLE_MODULES = YES;
				EMBEDDED_CONTENT_CONTAINS_SWIFT = YES;
				FRAMEWORK_SEARCH_PATHS = (
					"$(inherited)",
					"$(PLATFORM_DIR)/Developer/Library/Frameworks",
				);
				HEADER_SEARCH_PATHS = "$(inherited)";
				INFOPLIST_FILE = WallabagKit.xcodeproj/WallabagKitTests_Info.plist;
				LD_RUNPATH_SEARCH_PATHS = "$(inherited) @loader_path/../Frameworks @loader_path/Frameworks";
				OTHER_CFLAGS = "$(inherited)";
				OTHER_LDFLAGS = "$(inherited)";
				OTHER_SWIFT_FLAGS = "$(inherited)";
				SWIFT_ACTIVE_COMPILATION_CONDITIONS = "$(inherited)";
				SWIFT_VERSION = 4.0;
				TARGET_NAME = WallabagKitTests;
			};
			name = Debug;
		};
		OBJ_90 /* Release */ = {
			isa = XCBuildConfiguration;
			buildSettings = {
				CLANG_ENABLE_MODULES = YES;
				EMBEDDED_CONTENT_CONTAINS_SWIFT = YES;
				FRAMEWORK_SEARCH_PATHS = (
					"$(inherited)",
					"$(PLATFORM_DIR)/Developer/Library/Frameworks",
				);
				HEADER_SEARCH_PATHS = "$(inherited)";
				INFOPLIST_FILE = WallabagKit.xcodeproj/WallabagKitTests_Info.plist;
				LD_RUNPATH_SEARCH_PATHS = "$(inherited) @loader_path/../Frameworks @loader_path/Frameworks";
				OTHER_CFLAGS = "$(inherited)";
				OTHER_LDFLAGS = "$(inherited)";
				OTHER_SWIFT_FLAGS = "$(inherited)";
				SWIFT_ACTIVE_COMPILATION_CONDITIONS = "$(inherited)";
				SWIFT_VERSION = 4.0;
				TARGET_NAME = WallabagKitTests;
			};
			name = Release;
		};
/* End XCBuildConfiguration section */

/* Begin XCConfigurationList section */
		OBJ_2 /* Build configuration list for PBXProject "WallabagKit" */ = {
			isa = XCConfigurationList;
			buildConfigurations = (
				OBJ_3 /* Debug */,
				OBJ_4 /* Release */,
			);
			defaultConfigurationIsVisible = 0;
			defaultConfigurationName = Release;
		};
		OBJ_39 /* Build configuration list for PBXNativeTarget "Alamofire" */ = {
			isa = XCConfigurationList;
			buildConfigurations = (
				OBJ_40 /* Debug */,
				OBJ_41 /* Release */,
			);
			defaultConfigurationIsVisible = 0;
			defaultConfigurationName = Release;
		};
		OBJ_62 /* Build configuration list for PBXNativeTarget "AlamofirePackageDescription" */ = {
			isa = XCConfigurationList;
			buildConfigurations = (
				OBJ_63 /* Debug */,
				OBJ_64 /* Release */,
			);
			defaultConfigurationIsVisible = 0;
			defaultConfigurationName = Release;
		};
		OBJ_68 /* Build configuration list for PBXNativeTarget "WallabagKit" */ = {
			isa = XCConfigurationList;
			buildConfigurations = (
				OBJ_69 /* Debug */,
				OBJ_70 /* Release */,
			);
			defaultConfigurationIsVisible = 0;
			defaultConfigurationName = Release;
		};
		OBJ_77 /* Build configuration list for PBXNativeTarget "WallabagKitPackageDescription" */ = {
			isa = XCConfigurationList;
			buildConfigurations = (
				OBJ_78 /* Debug */,
				OBJ_79 /* Release */,
			);
			defaultConfigurationIsVisible = 0;
			defaultConfigurationName = Release;
		};
		OBJ_83 /* Build configuration list for PBXAggregateTarget "WallabagKitPackageTests" */ = {
			isa = XCConfigurationList;
			buildConfigurations = (
				OBJ_84 /* Debug */,
				OBJ_85 /* Release */,
			);
			defaultConfigurationIsVisible = 0;
			defaultConfigurationName = Release;
		};
		OBJ_88 /* Build configuration list for PBXNativeTarget "WallabagKitTests" */ = {
			isa = XCConfigurationList;
			buildConfigurations = (
				OBJ_89 /* Debug */,
				OBJ_90 /* Release */,
			);
			defaultConfigurationIsVisible = 0;
			defaultConfigurationName = Release;
		};
/* End XCConfigurationList section */
	};
	rootObject = OBJ_1 /* Project object */;
}
