// !$*UTF8*$!
{
	archiveVersion = 1;
	classes = {
	};
	objectVersion = 46;
	objects = {

/* Begin PBXAggregateTarget section */
		"WallabagKit::WallabagKitPackageTests::ProductTarget" /* WallabagKitPackageTests */ = {
			isa = PBXAggregateTarget;
			buildConfigurationList = OBJ_101 /* Build configuration list for PBXAggregateTarget "WallabagKitPackageTests" */;
			buildPhases = (
			);
			dependencies = (
				OBJ_104 /* PBXTargetDependency */,
			);
			name = WallabagKitPackageTests;
			productName = WallabagKitPackageTests;
		};
/* End PBXAggregateTarget section */

/* Begin PBXBuildFile section */
		092BFA621FD6CF08006D471D /* BearerTokenAdapter.swift in Sources */ = {isa = PBXBuildFile; fileRef = 092BFA601FD6CEF2006D471D /* BearerTokenAdapter.swift */; };
		OBJ_46 /* Package.swift in Sources */ = {isa = PBXBuildFile; fileRef = OBJ_6 /* Package.swift */; };
		OBJ_52 /* Package.swift in Sources */ = {isa = PBXBuildFile; fileRef = OBJ_19 /* Package.swift */; };
		OBJ_58 /* WallabagSessionManagerTests.swift in Sources */ = {isa = PBXBuildFile; fileRef = OBJ_14 /* WallabagSessionManagerTests.swift */; };
		OBJ_59 /* WallabagKitTests.swift in Sources */ = {isa = PBXBuildFile; fileRef = OBJ_15 /* WallabagKitTests.swift */; };
		OBJ_61 /* WallabagKit.framework in Frameworks */ = {isa = PBXBuildFile; fileRef = "WallabagKit::WallabagKit::Product" /* WallabagKit.framework */; };
		OBJ_62 /* Alamofire.framework in Frameworks */ = {isa = PBXBuildFile; fileRef = "Alamofire::Alamofire::Product" /* Alamofire.framework */; };
		OBJ_71 /* URLSessionProtocol.swift in Sources */ = {isa = PBXBuildFile; fileRef = OBJ_8 /* URLSessionProtocol.swift */; };
		OBJ_72 /* WallabagApi.swift in Sources */ = {isa = PBXBuildFile; fileRef = OBJ_9 /* WallabagApi.swift */; };
		OBJ_73 /* WallabagSessionManager.swift in Sources */ = {isa = PBXBuildFile; fileRef = OBJ_10 /* WallabagSessionManager.swift */; };
		OBJ_74 /* WallabagKit.swift in Sources */ = {isa = PBXBuildFile; fileRef = OBJ_11 /* WallabagKit.swift */; };
		OBJ_76 /* Alamofire.framework in Frameworks */ = {isa = PBXBuildFile; fileRef = "Alamofire::Alamofire::Product" /* Alamofire.framework */; };
		OBJ_82 /* AFError.swift in Sources */ = {isa = PBXBuildFile; fileRef = OBJ_20 /* AFError.swift */; };
		OBJ_83 /* Alamofire.swift in Sources */ = {isa = PBXBuildFile; fileRef = OBJ_21 /* Alamofire.swift */; };
		OBJ_84 /* DispatchQueue+Alamofire.swift in Sources */ = {isa = PBXBuildFile; fileRef = OBJ_22 /* DispatchQueue+Alamofire.swift */; };
		OBJ_85 /* MultipartFormData.swift in Sources */ = {isa = PBXBuildFile; fileRef = OBJ_23 /* MultipartFormData.swift */; };
		OBJ_86 /* NetworkReachabilityManager.swift in Sources */ = {isa = PBXBuildFile; fileRef = OBJ_24 /* NetworkReachabilityManager.swift */; };
		OBJ_87 /* Notifications.swift in Sources */ = {isa = PBXBuildFile; fileRef = OBJ_25 /* Notifications.swift */; };
		OBJ_88 /* ParameterEncoding.swift in Sources */ = {isa = PBXBuildFile; fileRef = OBJ_26 /* ParameterEncoding.swift */; };
		OBJ_89 /* Request.swift in Sources */ = {isa = PBXBuildFile; fileRef = OBJ_27 /* Request.swift */; };
		OBJ_90 /* Response.swift in Sources */ = {isa = PBXBuildFile; fileRef = OBJ_28 /* Response.swift */; };
		OBJ_91 /* ResponseSerialization.swift in Sources */ = {isa = PBXBuildFile; fileRef = OBJ_29 /* ResponseSerialization.swift */; };
		OBJ_92 /* Result.swift in Sources */ = {isa = PBXBuildFile; fileRef = OBJ_30 /* Result.swift */; };
		OBJ_93 /* ServerTrustPolicy.swift in Sources */ = {isa = PBXBuildFile; fileRef = OBJ_31 /* ServerTrustPolicy.swift */; };
		OBJ_94 /* SessionDelegate.swift in Sources */ = {isa = PBXBuildFile; fileRef = OBJ_32 /* SessionDelegate.swift */; };
		OBJ_95 /* SessionManager.swift in Sources */ = {isa = PBXBuildFile; fileRef = OBJ_33 /* SessionManager.swift */; };
		OBJ_96 /* TaskDelegate.swift in Sources */ = {isa = PBXBuildFile; fileRef = OBJ_34 /* TaskDelegate.swift */; };
		OBJ_97 /* Timeline.swift in Sources */ = {isa = PBXBuildFile; fileRef = OBJ_35 /* Timeline.swift */; };
		OBJ_98 /* Validation.swift in Sources */ = {isa = PBXBuildFile; fileRef = OBJ_36 /* Validation.swift */; };
/* End PBXBuildFile section */

/* Begin PBXContainerItemProxy section */
		092BFA5C1FD6C5AB006D471D /* PBXContainerItemProxy */ = {
			isa = PBXContainerItemProxy;
			containerPortal = OBJ_1 /* Project object */;
			proxyType = 1;
			remoteGlobalIDString = "Alamofire::Alamofire";
			remoteInfo = Alamofire;
		};
		092BFA5D1FD6C5AB006D471D /* PBXContainerItemProxy */ = {
			isa = PBXContainerItemProxy;
			containerPortal = OBJ_1 /* Project object */;
			proxyType = 1;
			remoteGlobalIDString = "WallabagKit::WallabagKit";
			remoteInfo = WallabagKit;
		};
		092BFA5E1FD6C5AB006D471D /* PBXContainerItemProxy */ = {
			isa = PBXContainerItemProxy;
			containerPortal = OBJ_1 /* Project object */;
			proxyType = 1;
			remoteGlobalIDString = "Alamofire::Alamofire";
			remoteInfo = Alamofire;
		};
		092BFA5F1FD6C5AC006D471D /* PBXContainerItemProxy */ = {
			isa = PBXContainerItemProxy;
			containerPortal = OBJ_1 /* Project object */;
			proxyType = 1;
			remoteGlobalIDString = "WallabagKit::WallabagKitTests";
			remoteInfo = WallabagKitTests;
		};
/* End PBXContainerItemProxy section */

/* Begin PBXFileReference section */
		092BFA601FD6CEF2006D471D /* BearerTokenAdapter.swift */ = {isa = PBXFileReference; lastKnownFileType = sourcecode.swift; path = BearerTokenAdapter.swift; sourceTree = "<group>"; };
		"Alamofire::Alamofire::Product" /* Alamofire.framework */ = {isa = PBXFileReference; explicitFileType = wrapper.framework; path = Alamofire.framework; sourceTree = BUILT_PRODUCTS_DIR; };
		OBJ_10 /* WallabagSessionManager.swift */ = {isa = PBXFileReference; lastKnownFileType = sourcecode.swift; path = WallabagSessionManager.swift; sourceTree = "<group>"; };
		OBJ_11 /* WallabagKit.swift */ = {isa = PBXFileReference; lastKnownFileType = sourcecode.swift; path = WallabagKit.swift; sourceTree = "<group>"; };
		OBJ_14 /* WallabagSessionManagerTests.swift */ = {isa = PBXFileReference; lastKnownFileType = sourcecode.swift; path = WallabagSessionManagerTests.swift; sourceTree = "<group>"; };
		OBJ_15 /* WallabagKitTests.swift */ = {isa = PBXFileReference; lastKnownFileType = sourcecode.swift; path = WallabagKitTests.swift; sourceTree = "<group>"; };
		OBJ_16 /* Configs */ = {isa = PBXFileReference; lastKnownFileType = folder; path = Configs; sourceTree = SOURCE_ROOT; };
		OBJ_19 /* Package.swift */ = {isa = PBXFileReference; explicitFileType = sourcecode.swift; name = Package.swift; path = "/Volumes/doc/project/WallabagKit/.build/checkouts/Alamofire.git-6801331143877184500/Package.swift"; sourceTree = "<group>"; };
		OBJ_20 /* AFError.swift */ = {isa = PBXFileReference; lastKnownFileType = sourcecode.swift; path = AFError.swift; sourceTree = "<group>"; };
		OBJ_21 /* Alamofire.swift */ = {isa = PBXFileReference; lastKnownFileType = sourcecode.swift; path = Alamofire.swift; sourceTree = "<group>"; };
		OBJ_22 /* DispatchQueue+Alamofire.swift */ = {isa = PBXFileReference; lastKnownFileType = sourcecode.swift; path = "DispatchQueue+Alamofire.swift"; sourceTree = "<group>"; };
		OBJ_23 /* MultipartFormData.swift */ = {isa = PBXFileReference; lastKnownFileType = sourcecode.swift; path = MultipartFormData.swift; sourceTree = "<group>"; };
		OBJ_24 /* NetworkReachabilityManager.swift */ = {isa = PBXFileReference; lastKnownFileType = sourcecode.swift; path = NetworkReachabilityManager.swift; sourceTree = "<group>"; };
		OBJ_25 /* Notifications.swift */ = {isa = PBXFileReference; lastKnownFileType = sourcecode.swift; path = Notifications.swift; sourceTree = "<group>"; };
		OBJ_26 /* ParameterEncoding.swift */ = {isa = PBXFileReference; lastKnownFileType = sourcecode.swift; path = ParameterEncoding.swift; sourceTree = "<group>"; };
		OBJ_27 /* Request.swift */ = {isa = PBXFileReference; lastKnownFileType = sourcecode.swift; path = Request.swift; sourceTree = "<group>"; };
		OBJ_28 /* Response.swift */ = {isa = PBXFileReference; lastKnownFileType = sourcecode.swift; path = Response.swift; sourceTree = "<group>"; };
		OBJ_29 /* ResponseSerialization.swift */ = {isa = PBXFileReference; lastKnownFileType = sourcecode.swift; path = ResponseSerialization.swift; sourceTree = "<group>"; };
		OBJ_30 /* Result.swift */ = {isa = PBXFileReference; lastKnownFileType = sourcecode.swift; path = Result.swift; sourceTree = "<group>"; };
		OBJ_31 /* ServerTrustPolicy.swift */ = {isa = PBXFileReference; lastKnownFileType = sourcecode.swift; path = ServerTrustPolicy.swift; sourceTree = "<group>"; };
		OBJ_32 /* SessionDelegate.swift */ = {isa = PBXFileReference; lastKnownFileType = sourcecode.swift; path = SessionDelegate.swift; sourceTree = "<group>"; };
		OBJ_33 /* SessionManager.swift */ = {isa = PBXFileReference; lastKnownFileType = sourcecode.swift; path = SessionManager.swift; sourceTree = "<group>"; };
		OBJ_34 /* TaskDelegate.swift */ = {isa = PBXFileReference; lastKnownFileType = sourcecode.swift; path = TaskDelegate.swift; sourceTree = "<group>"; };
		OBJ_35 /* Timeline.swift */ = {isa = PBXFileReference; lastKnownFileType = sourcecode.swift; path = Timeline.swift; sourceTree = "<group>"; };
		OBJ_36 /* Validation.swift */ = {isa = PBXFileReference; lastKnownFileType = sourcecode.swift; path = Validation.swift; sourceTree = "<group>"; };
		OBJ_6 /* Package.swift */ = {isa = PBXFileReference; explicitFileType = sourcecode.swift; path = Package.swift; sourceTree = "<group>"; };
		OBJ_8 /* URLSessionProtocol.swift */ = {isa = PBXFileReference; lastKnownFileType = sourcecode.swift; path = URLSessionProtocol.swift; sourceTree = "<group>"; };
		OBJ_9 /* WallabagApi.swift */ = {isa = PBXFileReference; lastKnownFileType = sourcecode.swift; path = WallabagApi.swift; sourceTree = "<group>"; };
		"WallabagKit::WallabagKit::Product" /* WallabagKit.framework */ = {isa = PBXFileReference; explicitFileType = wrapper.framework; path = WallabagKit.framework; sourceTree = BUILT_PRODUCTS_DIR; };
		"WallabagKit::WallabagKitTests::Product" /* WallabagKitTests.xctest */ = {isa = PBXFileReference; lastKnownFileType = file; path = WallabagKitTests.xctest; sourceTree = BUILT_PRODUCTS_DIR; };
/* End PBXFileReference section */

/* Begin PBXFrameworksBuildPhase section */
		OBJ_60 /* Frameworks */ = {
			isa = PBXFrameworksBuildPhase;
			buildActionMask = 0;
			files = (
				OBJ_61 /* WallabagKit.framework in Frameworks */,
				OBJ_62 /* Alamofire.framework in Frameworks */,
			);
			runOnlyForDeploymentPostprocessing = 0;
		};
		OBJ_75 /* Frameworks */ = {
			isa = PBXFrameworksBuildPhase;
			buildActionMask = 0;
			files = (
				OBJ_76 /* Alamofire.framework in Frameworks */,
			);
			runOnlyForDeploymentPostprocessing = 0;
		};
		OBJ_99 /* Frameworks */ = {
			isa = PBXFrameworksBuildPhase;
			buildActionMask = 0;
			files = (
			);
			runOnlyForDeploymentPostprocessing = 0;
		};
/* End PBXFrameworksBuildPhase section */

/* Begin PBXGroup section */
		OBJ_12 /* Tests */ = {
			isa = PBXGroup;
			children = (
				OBJ_13 /* WallabagKitTests */,
			);
			name = Tests;
			sourceTree = SOURCE_ROOT;
		};
		OBJ_13 /* WallabagKitTests */ = {
			isa = PBXGroup;
			children = (
				OBJ_14 /* WallabagSessionManagerTests.swift */,
				OBJ_15 /* WallabagKitTests.swift */,
			);
			name = WallabagKitTests;
			path = Tests/WallabagKitTests;
			sourceTree = SOURCE_ROOT;
		};
		OBJ_17 /* Dependencies */ = {
			isa = PBXGroup;
			children = (
				OBJ_18 /* Alamofire 4.6.0 */,
			);
			name = Dependencies;
			sourceTree = "<group>";
		};
		OBJ_18 /* Alamofire 4.6.0 */ = {
			isa = PBXGroup;
			children = (
				OBJ_19 /* Package.swift */,
				OBJ_20 /* AFError.swift */,
				OBJ_21 /* Alamofire.swift */,
				OBJ_22 /* DispatchQueue+Alamofire.swift */,
				OBJ_23 /* MultipartFormData.swift */,
				OBJ_24 /* NetworkReachabilityManager.swift */,
				OBJ_25 /* Notifications.swift */,
				OBJ_26 /* ParameterEncoding.swift */,
				OBJ_27 /* Request.swift */,
				OBJ_28 /* Response.swift */,
				OBJ_29 /* ResponseSerialization.swift */,
				OBJ_30 /* Result.swift */,
				OBJ_31 /* ServerTrustPolicy.swift */,
				OBJ_32 /* SessionDelegate.swift */,
				OBJ_33 /* SessionManager.swift */,
				OBJ_34 /* TaskDelegate.swift */,
				OBJ_35 /* Timeline.swift */,
				OBJ_36 /* Validation.swift */,
			);
			name = "Alamofire 4.6.0";
			path = ".build/checkouts/Alamofire.git-6801331143877184500/Source";
			sourceTree = SOURCE_ROOT;
		};
		OBJ_37 /* Products */ = {
			isa = PBXGroup;
			children = (
				"WallabagKit::WallabagKitTests::Product" /* WallabagKitTests.xctest */,
				"WallabagKit::WallabagKit::Product" /* WallabagKit.framework */,
				"Alamofire::Alamofire::Product" /* Alamofire.framework */,
			);
			name = Products;
			sourceTree = BUILT_PRODUCTS_DIR;
		};
		OBJ_5 = {
			isa = PBXGroup;
			children = (
				OBJ_6 /* Package.swift */,
				OBJ_7 /* Sources */,
				OBJ_12 /* Tests */,
				OBJ_16 /* Configs */,
				OBJ_17 /* Dependencies */,
				OBJ_37 /* Products */,
			);
			sourceTree = "<group>";
		};
		OBJ_7 /* Sources */ = {
			isa = PBXGroup;
			children = (
				OBJ_8 /* URLSessionProtocol.swift */,
				OBJ_9 /* WallabagApi.swift */,
				OBJ_10 /* WallabagSessionManager.swift */,
				OBJ_11 /* WallabagKit.swift */,
				092BFA601FD6CEF2006D471D /* BearerTokenAdapter.swift */,
			);
			path = Sources;
			sourceTree = SOURCE_ROOT;
		};
/* End PBXGroup section */

/* Begin PBXNativeTarget section */
		"Alamofire::Alamofire" /* Alamofire */ = {
			isa = PBXNativeTarget;
			buildConfigurationList = OBJ_78 /* Build configuration list for PBXNativeTarget "Alamofire" */;
			buildPhases = (
				OBJ_81 /* Sources */,
				OBJ_99 /* Frameworks */,
			);
			buildRules = (
			);
			dependencies = (
			);
			name = Alamofire;
			productName = Alamofire;
			productReference = "Alamofire::Alamofire::Product" /* Alamofire.framework */;
			productType = "com.apple.product-type.framework";
		};
		"Alamofire::SwiftPMPackageDescription" /* AlamofirePackageDescription */ = {
			isa = PBXNativeTarget;
			buildConfigurationList = OBJ_48 /* Build configuration list for PBXNativeTarget "AlamofirePackageDescription" */;
			buildPhases = (
				OBJ_51 /* Sources */,
			);
			buildRules = (
			);
			dependencies = (
			);
			name = AlamofirePackageDescription;
			productName = AlamofirePackageDescription;
			productType = "com.apple.product-type.framework";
		};
		"WallabagKit::SwiftPMPackageDescription" /* WallabagKitPackageDescription */ = {
			isa = PBXNativeTarget;
			buildConfigurationList = OBJ_42 /* Build configuration list for PBXNativeTarget "WallabagKitPackageDescription" */;
			buildPhases = (
				OBJ_45 /* Sources */,
			);
			buildRules = (
			);
			dependencies = (
			);
			name = WallabagKitPackageDescription;
			productName = WallabagKitPackageDescription;
			productType = "com.apple.product-type.framework";
		};
		"WallabagKit::WallabagKit" /* WallabagKit */ = {
			isa = PBXNativeTarget;
			buildConfigurationList = OBJ_67 /* Build configuration list for PBXNativeTarget "WallabagKit" */;
			buildPhases = (
				OBJ_70 /* Sources */,
				OBJ_75 /* Frameworks */,
			);
			buildRules = (
			);
			dependencies = (
				OBJ_77 /* PBXTargetDependency */,
			);
			name = WallabagKit;
			productName = WallabagKit;
			productReference = "WallabagKit::WallabagKit::Product" /* WallabagKit.framework */;
			productType = "com.apple.product-type.framework";
		};
		"WallabagKit::WallabagKitTests" /* WallabagKitTests */ = {
			isa = PBXNativeTarget;
			buildConfigurationList = OBJ_54 /* Build configuration list for PBXNativeTarget "WallabagKitTests" */;
			buildPhases = (
				OBJ_57 /* Sources */,
				OBJ_60 /* Frameworks */,
			);
			buildRules = (
			);
			dependencies = (
				OBJ_63 /* PBXTargetDependency */,
				OBJ_65 /* PBXTargetDependency */,
			);
			name = WallabagKitTests;
			productName = WallabagKitTests;
			productReference = "WallabagKit::WallabagKitTests::Product" /* WallabagKitTests.xctest */;
			productType = "com.apple.product-type.bundle.unit-test";
		};
/* End PBXNativeTarget section */

/* Begin PBXProject section */
		OBJ_1 /* Project object */ = {
			isa = PBXProject;
			attributes = {
				LastUpgradeCheck = 9999;
				TargetAttributes = {
					"Alamofire::Alamofire" = {
						LastSwiftMigration = 0910;
					};
				};
			};
			buildConfigurationList = OBJ_2 /* Build configuration list for PBXProject "WallabagKit" */;
			compatibilityVersion = "Xcode 3.2";
			developmentRegion = English;
			hasScannedForEncodings = 0;
			knownRegions = (
				en,
			);
			mainGroup = OBJ_5;
			productRefGroup = OBJ_37 /* Products */;
			projectDirPath = "";
			projectRoot = "";
			targets = (
				"WallabagKit::SwiftPMPackageDescription" /* WallabagKitPackageDescription */,
				"Alamofire::SwiftPMPackageDescription" /* AlamofirePackageDescription */,
				"WallabagKit::WallabagKitTests" /* WallabagKitTests */,
				"WallabagKit::WallabagKit" /* WallabagKit */,
				"Alamofire::Alamofire" /* Alamofire */,
				"WallabagKit::WallabagKitPackageTests::ProductTarget" /* WallabagKitPackageTests */,
			);
		};
/* End PBXProject section */

/* Begin PBXSourcesBuildPhase section */
		OBJ_45 /* Sources */ = {
			isa = PBXSourcesBuildPhase;
			buildActionMask = 0;
			files = (
				OBJ_46 /* Package.swift in Sources */,
			);
			runOnlyForDeploymentPostprocessing = 0;
		};
		OBJ_51 /* Sources */ = {
			isa = PBXSourcesBuildPhase;
			buildActionMask = 0;
			files = (
				OBJ_52 /* Package.swift in Sources */,
			);
			runOnlyForDeploymentPostprocessing = 0;
		};
		OBJ_57 /* Sources */ = {
			isa = PBXSourcesBuildPhase;
			buildActionMask = 0;
			files = (
				OBJ_58 /* WallabagSessionManagerTests.swift in Sources */,
				OBJ_59 /* WallabagKitTests.swift in Sources */,
			);
			runOnlyForDeploymentPostprocessing = 0;
		};
		OBJ_70 /* Sources */ = {
			isa = PBXSourcesBuildPhase;
			buildActionMask = 0;
			files = (
				OBJ_71 /* URLSessionProtocol.swift in Sources */,
				OBJ_72 /* WallabagApi.swift in Sources */,
				OBJ_73 /* WallabagSessionManager.swift in Sources */,
				092BFA621FD6CF08006D471D /* BearerTokenAdapter.swift in Sources */,
				OBJ_74 /* WallabagKit.swift in Sources */,
			);
			runOnlyForDeploymentPostprocessing = 0;
		};
		OBJ_81 /* Sources */ = {
			isa = PBXSourcesBuildPhase;
			buildActionMask = 0;
			files = (
				OBJ_82 /* AFError.swift in Sources */,
				OBJ_83 /* Alamofire.swift in Sources */,
				OBJ_84 /* DispatchQueue+Alamofire.swift in Sources */,
				OBJ_85 /* MultipartFormData.swift in Sources */,
				OBJ_86 /* NetworkReachabilityManager.swift in Sources */,
				OBJ_87 /* Notifications.swift in Sources */,
				OBJ_88 /* ParameterEncoding.swift in Sources */,
				OBJ_89 /* Request.swift in Sources */,
				OBJ_90 /* Response.swift in Sources */,
				OBJ_91 /* ResponseSerialization.swift in Sources */,
				OBJ_92 /* Result.swift in Sources */,
				OBJ_93 /* ServerTrustPolicy.swift in Sources */,
				OBJ_94 /* SessionDelegate.swift in Sources */,
				OBJ_95 /* SessionManager.swift in Sources */,
				OBJ_96 /* TaskDelegate.swift in Sources */,
				OBJ_97 /* Timeline.swift in Sources */,
				OBJ_98 /* Validation.swift in Sources */,
			);
			runOnlyForDeploymentPostprocessing = 0;
		};
/* End PBXSourcesBuildPhase section */

/* Begin PBXTargetDependency section */
		OBJ_104 /* PBXTargetDependency */ = {
			isa = PBXTargetDependency;
			target = "WallabagKit::WallabagKitTests" /* WallabagKitTests */;
			targetProxy = 092BFA5F1FD6C5AC006D471D /* PBXContainerItemProxy */;
		};
		OBJ_63 /* PBXTargetDependency */ = {
			isa = PBXTargetDependency;
			target = "WallabagKit::WallabagKit" /* WallabagKit */;
			targetProxy = 092BFA5D1FD6C5AB006D471D /* PBXContainerItemProxy */;
		};
		OBJ_65 /* PBXTargetDependency */ = {
			isa = PBXTargetDependency;
			target = "Alamofire::Alamofire" /* Alamofire */;
			targetProxy = 092BFA5E1FD6C5AB006D471D /* PBXContainerItemProxy */;
		};
		OBJ_77 /* PBXTargetDependency */ = {
			isa = PBXTargetDependency;
			target = "Alamofire::Alamofire" /* Alamofire */;
			targetProxy = 092BFA5C1FD6C5AB006D471D /* PBXContainerItemProxy */;
		};
/* End PBXTargetDependency section */

/* Begin XCBuildConfiguration section */
		OBJ_102 /* Debug */ = {
			isa = XCBuildConfiguration;
			buildSettings = {
			};
			name = Debug;
		};
		OBJ_103 /* Release */ = {
			isa = XCBuildConfiguration;
			buildSettings = {
			};
			name = Release;
		};
		OBJ_3 /* Debug */ = {
			isa = XCBuildConfiguration;
			buildSettings = {
				CLANG_ENABLE_OBJC_ARC = YES;
				COMBINE_HIDPI_IMAGES = YES;
				COPY_PHASE_STRIP = NO;
				DEBUG_INFORMATION_FORMAT = dwarf;
				DYLIB_INSTALL_NAME_BASE = "@rpath";
				ENABLE_NS_ASSERTIONS = YES;
				GCC_OPTIMIZATION_LEVEL = 0;
				MACOSX_DEPLOYMENT_TARGET = 10.10;
				ONLY_ACTIVE_ARCH = YES;
				OTHER_SWIFT_FLAGS = "-DXcode";
				PRODUCT_NAME = "$(TARGET_NAME)";
				SDKROOT = macosx;
				SUPPORTED_PLATFORMS = "macosx iphoneos iphonesimulator appletvos appletvsimulator watchos watchsimulator";
				SWIFT_ACTIVE_COMPILATION_CONDITIONS = SWIFT_PACKAGE;
				SWIFT_OPTIMIZATION_LEVEL = "-Onone";
				USE_HEADERMAP = NO;
			};
			name = Debug;
		};
		OBJ_4 /* Release */ = {
			isa = XCBuildConfiguration;
			buildSettings = {
				CLANG_ENABLE_OBJC_ARC = YES;
				COMBINE_HIDPI_IMAGES = YES;
				COPY_PHASE_STRIP = YES;
				DEBUG_INFORMATION_FORMAT = "dwarf-with-dsym";
				DYLIB_INSTALL_NAME_BASE = "@rpath";
				GCC_OPTIMIZATION_LEVEL = s;
				MACOSX_DEPLOYMENT_TARGET = 10.10;
				OTHER_SWIFT_FLAGS = "-DXcode";
				PRODUCT_NAME = "$(TARGET_NAME)";
				SDKROOT = macosx;
				SUPPORTED_PLATFORMS = "macosx iphoneos iphonesimulator appletvos appletvsimulator watchos watchsimulator";
				SWIFT_ACTIVE_COMPILATION_CONDITIONS = SWIFT_PACKAGE;
				SWIFT_OPTIMIZATION_LEVEL = "-Owholemodule";
				USE_HEADERMAP = NO;
			};
			name = Release;
		};
		OBJ_43 /* Debug */ = {
			isa = XCBuildConfiguration;
			buildSettings = {
				LD = /usr/bin/true;
				OTHER_SWIFT_FLAGS = "-swift-version 4 -I /Applications/Xcode.app/Contents/Developer/Toolchains/XcodeDefault.xctoolchain/usr/lib/swift/pm/4 -target x86_64-apple-macosx10.10 -sdk /Applications/Xcode.app/Contents/Developer/Platforms/MacOSX.platform/Developer/SDKs/MacOSX10.13.sdk";
				SWIFT_VERSION = 4.0;
			};
			name = Debug;
		};
		OBJ_44 /* Release */ = {
			isa = XCBuildConfiguration;
			buildSettings = {
				LD = /usr/bin/true;
				OTHER_SWIFT_FLAGS = "-swift-version 4 -I /Applications/Xcode.app/Contents/Developer/Toolchains/XcodeDefault.xctoolchain/usr/lib/swift/pm/4 -target x86_64-apple-macosx10.10 -sdk /Applications/Xcode.app/Contents/Developer/Platforms/MacOSX.platform/Developer/SDKs/MacOSX10.13.sdk";
				SWIFT_VERSION = 4.0;
			};
			name = Release;
		};
		OBJ_49 /* Debug */ = {
			isa = XCBuildConfiguration;
			buildSettings = {
				LD = /usr/bin/true;
				OTHER_SWIFT_FLAGS = "-swift-version 3 -I /Applications/Xcode.app/Contents/Developer/Toolchains/XcodeDefault.xctoolchain/usr/lib/swift/pm/3 -target x86_64-apple-macosx10.10 -sdk /Applications/Xcode.app/Contents/Developer/Platforms/MacOSX.platform/Developer/SDKs/MacOSX10.13.sdk";
				SWIFT_VERSION = 3.0;
			};
			name = Debug;
		};
		OBJ_50 /* Release */ = {
			isa = XCBuildConfiguration;
			buildSettings = {
				LD = /usr/bin/true;
				OTHER_SWIFT_FLAGS = "-swift-version 3 -I /Applications/Xcode.app/Contents/Developer/Toolchains/XcodeDefault.xctoolchain/usr/lib/swift/pm/3 -target x86_64-apple-macosx10.10 -sdk /Applications/Xcode.app/Contents/Developer/Platforms/MacOSX.platform/Developer/SDKs/MacOSX10.13.sdk";
				SWIFT_VERSION = 3.0;
			};
			name = Release;
		};
		OBJ_55 /* Debug */ = {
			isa = XCBuildConfiguration;
			buildSettings = {
				EMBEDDED_CONTENT_CONTAINS_SWIFT = YES;
				FRAMEWORK_SEARCH_PATHS = (
					"$(inherited)",
					"$(PLATFORM_DIR)/Developer/Library/Frameworks",
				);
				HEADER_SEARCH_PATHS = "$(inherited)";
				INFOPLIST_FILE = WallabagKit.xcodeproj/WallabagKitTests_Info.plist;
				LD_RUNPATH_SEARCH_PATHS = "@loader_path/../Frameworks @loader_path/Frameworks";
				OTHER_LDFLAGS = "$(inherited)";
				OTHER_SWIFT_FLAGS = "$(inherited)";
				SWIFT_VERSION = 4.0;
				TARGET_NAME = WallabagKitTests;
			};
			name = Debug;
		};
		OBJ_56 /* Release */ = {
			isa = XCBuildConfiguration;
			buildSettings = {
				EMBEDDED_CONTENT_CONTAINS_SWIFT = YES;
				FRAMEWORK_SEARCH_PATHS = (
					"$(inherited)",
					"$(PLATFORM_DIR)/Developer/Library/Frameworks",
				);
				HEADER_SEARCH_PATHS = "$(inherited)";
				INFOPLIST_FILE = WallabagKit.xcodeproj/WallabagKitTests_Info.plist;
				LD_RUNPATH_SEARCH_PATHS = "@loader_path/../Frameworks @loader_path/Frameworks";
				OTHER_LDFLAGS = "$(inherited)";
				OTHER_SWIFT_FLAGS = "$(inherited)";
				SWIFT_VERSION = 4.0;
				TARGET_NAME = WallabagKitTests;
			};
			name = Release;
		};
		OBJ_68 /* Debug */ = {
			isa = XCBuildConfiguration;
			buildSettings = {
				ENABLE_TESTABILITY = YES;
				FRAMEWORK_SEARCH_PATHS = (
					"$(inherited)",
					"$(PLATFORM_DIR)/Developer/Library/Frameworks",
				);
				HEADER_SEARCH_PATHS = "$(inherited)";
				INFOPLIST_FILE = WallabagKit.xcodeproj/WallabagKit_Info.plist;
				LD_RUNPATH_SEARCH_PATHS = "$(TOOLCHAIN_DIR)/usr/lib/swift/macosx";
				OTHER_LDFLAGS = "$(inherited)";
				OTHER_SWIFT_FLAGS = "$(inherited)";
				PRODUCT_BUNDLE_IDENTIFIER = WallabagKit;
				PRODUCT_MODULE_NAME = "$(TARGET_NAME:c99extidentifier)";
				PRODUCT_NAME = "$(TARGET_NAME:c99extidentifier)";
				SKIP_INSTALL = YES;
				SWIFT_VERSION = 4.0;
				TARGET_NAME = WallabagKit;
			};
			name = Debug;
		};
		OBJ_69 /* Release */ = {
			isa = XCBuildConfiguration;
			buildSettings = {
				ENABLE_TESTABILITY = YES;
				FRAMEWORK_SEARCH_PATHS = (
					"$(inherited)",
					"$(PLATFORM_DIR)/Developer/Library/Frameworks",
				);
				HEADER_SEARCH_PATHS = "$(inherited)";
				INFOPLIST_FILE = WallabagKit.xcodeproj/WallabagKit_Info.plist;
				LD_RUNPATH_SEARCH_PATHS = "$(TOOLCHAIN_DIR)/usr/lib/swift/macosx";
				OTHER_LDFLAGS = "$(inherited)";
				OTHER_SWIFT_FLAGS = "$(inherited)";
				PRODUCT_BUNDLE_IDENTIFIER = WallabagKit;
				PRODUCT_MODULE_NAME = "$(TARGET_NAME:c99extidentifier)";
				PRODUCT_NAME = "$(TARGET_NAME:c99extidentifier)";
				SKIP_INSTALL = YES;
				SWIFT_VERSION = 4.0;
				TARGET_NAME = WallabagKit;
			};
			name = Release;
		};
		OBJ_79 /* Debug */ = {
			isa = XCBuildConfiguration;
			buildSettings = {
				ENABLE_TESTABILITY = YES;
				FRAMEWORK_SEARCH_PATHS = (
					"$(inherited)",
					"$(PLATFORM_DIR)/Developer/Library/Frameworks",
				);
				HEADER_SEARCH_PATHS = "$(inherited)";
				INFOPLIST_FILE = WallabagKit.xcodeproj/Alamofire_Info.plist;
				LD_RUNPATH_SEARCH_PATHS = "$(TOOLCHAIN_DIR)/usr/lib/swift/macosx";
				OTHER_LDFLAGS = "$(inherited)";
				OTHER_SWIFT_FLAGS = "$(inherited)";
				PRODUCT_BUNDLE_IDENTIFIER = Alamofire;
				PRODUCT_MODULE_NAME = "$(TARGET_NAME:c99extidentifier)";
				PRODUCT_NAME = "$(TARGET_NAME:c99extidentifier)";
				SKIP_INSTALL = YES;
				SWIFT_VERSION = 3.0;
				TARGET_NAME = Alamofire;
			};
			name = Debug;
		};
		OBJ_80 /* Release */ = {
			isa = XCBuildConfiguration;
			buildSettings = {
				ENABLE_TESTABILITY = YES;
				FRAMEWORK_SEARCH_PATHS = (
					"$(inherited)",
					"$(PLATFORM_DIR)/Developer/Library/Frameworks",
				);
				HEADER_SEARCH_PATHS = "$(inherited)";
				INFOPLIST_FILE = WallabagKit.xcodeproj/Alamofire_Info.plist;
				LD_RUNPATH_SEARCH_PATHS = "$(TOOLCHAIN_DIR)/usr/lib/swift/macosx";
				OTHER_LDFLAGS = "$(inherited)";
				OTHER_SWIFT_FLAGS = "$(inherited)";
				PRODUCT_BUNDLE_IDENTIFIER = Alamofire;
				PRODUCT_MODULE_NAME = "$(TARGET_NAME:c99extidentifier)";
				PRODUCT_NAME = "$(TARGET_NAME:c99extidentifier)";
				SKIP_INSTALL = YES;
				SWIFT_VERSION = 3.0;
				TARGET_NAME = Alamofire;
			};
			name = Release;
		};
/* End XCBuildConfiguration section */

/* Begin XCConfigurationList section */
		OBJ_101 /* Build configuration list for PBXAggregateTarget "WallabagKitPackageTests" */ = {
			isa = XCConfigurationList;
			buildConfigurations = (
				OBJ_102 /* Debug */,
				OBJ_103 /* Release */,
			);
			defaultConfigurationIsVisible = 0;
			defaultConfigurationName = Debug;
		};
		OBJ_2 /* Build configuration list for PBXProject "WallabagKit" */ = {
			isa = XCConfigurationList;
			buildConfigurations = (
				OBJ_3 /* Debug */,
				OBJ_4 /* Release */,
			);
			defaultConfigurationIsVisible = 0;
			defaultConfigurationName = Debug;
		};
		OBJ_42 /* Build configuration list for PBXNativeTarget "WallabagKitPackageDescription" */ = {
			isa = XCConfigurationList;
			buildConfigurations = (
				OBJ_43 /* Debug */,
				OBJ_44 /* Release */,
			);
			defaultConfigurationIsVisible = 0;
			defaultConfigurationName = Debug;
		};
		OBJ_48 /* Build configuration list for PBXNativeTarget "AlamofirePackageDescription" */ = {
			isa = XCConfigurationList;
			buildConfigurations = (
				OBJ_49 /* Debug */,
				OBJ_50 /* Release */,
			);
			defaultConfigurationIsVisible = 0;
			defaultConfigurationName = Debug;
		};
		OBJ_54 /* Build configuration list for PBXNativeTarget "WallabagKitTests" */ = {
			isa = XCConfigurationList;
			buildConfigurations = (
				OBJ_55 /* Debug */,
				OBJ_56 /* Release */,
			);
			defaultConfigurationIsVisible = 0;
			defaultConfigurationName = Debug;
		};
		OBJ_67 /* Build configuration list for PBXNativeTarget "WallabagKit" */ = {
			isa = XCConfigurationList;
			buildConfigurations = (
				OBJ_68 /* Debug */,
				OBJ_69 /* Release */,
			);
			defaultConfigurationIsVisible = 0;
			defaultConfigurationName = Debug;
		};
		OBJ_78 /* Build configuration list for PBXNativeTarget "Alamofire" */ = {
			isa = XCConfigurationList;
			buildConfigurations = (
				OBJ_79 /* Debug */,
				OBJ_80 /* Release */,
			);
			defaultConfigurationIsVisible = 0;
			defaultConfigurationName = Debug;
		};
/* End XCConfigurationList section */
	};
	rootObject = OBJ_1 /* Project object */;
}
