PODS:
  - Alamofire (4.4.0)
  - WallabagKit (0.1.1):
    - Alamofire

DEPENDENCIES:
  - WallabagKit (from `../`)

EXTERNAL SOURCES:
  WallabagKit:
    :path: "../"

SPEC CHECKSUMS:
  Alamofire: dc44b1600b800eb63da6a19039a0083d62a6a62d
  WallabagKit: 2ab4945ec4c2b6a2803aed9870aee4d0589996bf

PODFILE CHECKSUM: c2fac1acbbaba570b09611090918ad202e9610b7

COCOAPODS: 1.2.0
